{
  "name": "skia-example-node",
  "lockfileVersion": 3,
  "requires": true,
  "packages": {
    "": {
      "name": "skia-example-node",
      "dependencies": {
        "skia": "file:../.."
      }
    },
    "../..": {
      "name": "skia",
      "version": "0.1.1",
      "license": "Apache-2.0"
    },
    "node_modules/skia": {
      "resolved": "../..",
      "link": true
    }
  }
}
