{
  "name": "skia-example-node",
  "lockfileVersion": 3,
  "requires": true,
  "packages": {
    "": {
      "name": "skia-example-node",
      "dependencies": {
        "skia": "latest"
      }
    },
    "node_modules/skia": {
      "version": "0.1.1",
      "resolved": "https://registry.npmjs.org/skia/-/skia-0.1.1.tgz",
      "integrity": "sha512-5rpp8qpsBfWDBaVQiCnmMwMAybNkwJDNatpQK3gZ644mXOmNIDIm3rhZEtF/sxQHT1xtNXPmNhGAZ6sqvlz2Rw==",
      "license": "Apache-2.0"
    }
  }
}
