{
  "name": "skia-example-node",
  "lockfileVersion": 3,
  "requires": true,
  "packages": {
    "": {
      "name": "skia-example-node",
      "dependencies": {
        "skia": "^0.1.2"
      }
    },
    "node_modules/skia": {
      "version": "0.1.2",
      "resolved": "https://registry.npmjs.org/skia/-/skia-0.1.2.tgz",
      "integrity": "sha512-NhOVwPSQkl46I7fsoIlaq+gX4emo/oHojv6CPPJLazTllSjZtua1Gsqcft0Z/yLk39lkHmmCVnOy5F0u0i0V3Q==",
      "license": "Apache-2.0"
    }
  }
}
